// !$*UTF8*$!
{
	archiveVersion = 1;
	classes = {
	};
	objectVersion = 46;
	objects = {

/* Begin PBXBuildFile section */
		0207DA581B56EA530066E2B4 /* Images.xcassets in Resources */ = {isa = PBXBuildFile; fileRef = 0207DA571B56EA530066E2B4 /* Images.xcassets */; };
		09352B72A12946F6AA51CB92 /* ExternalAccessory.framework in Frameworks */ = {isa = PBXBuildFile; fileRef = 14709A2E042F4FD18794ADE8 /* ExternalAccessory.framework */; };
		1C185C4201AE4D2F9A714C0A /* ImageIO.framework in Frameworks */ = {isa = PBXBuildFile; fileRef = 1458BE4B1B2142DD9AA9B703 /* ImageIO.framework */; };
		1D3623260D0F684500981E51 /* AppDelegate.m in Sources */ = {isa = PBXBuildFile; fileRef = 1D3623250D0F684500981E51 /* AppDelegate.m */; };
		1D60589B0D05DD56006BFB54 /* main.m in Sources */ = {isa = PBXBuildFile; fileRef = 29B97316FDCFA39411CA2CEA /* main.m */; };
		25AA6E737B5A4A3099FEB713 /* CDVFile.m in Sources */ = {isa = PBXBuildFile; fileRef = A850393E4765452AAAB63438 /* CDVFile.m */; };
		2A1FF9F39C184D1D8A5D14E1 /* HWCashDrawerAdapter.m in Sources */ = {isa = PBXBuildFile; fileRef = 02B06AA3BE7041A795501927 /* HWCashDrawerAdapter.m */; };
		2DC9D6F4C5364395B9674EB9 /* CoreLocation.framework in Frameworks */ = {isa = PBXBuildFile; fileRef = 6458E8D2C427461499A93113 /* CoreLocation.framework */; };
		301BF552109A68D80062928A /* libCordova.a in Frameworks */ = {isa = PBXBuildFile; fileRef = 301BF535109A57CC0062928A /* libCordova.a */; };
		302D95F114D2391D003F00A1 /* MainViewController.m in Sources */ = {isa = PBXBuildFile; fileRef = 302D95EF14D2391D003F00A1 /* MainViewController.m */; };
		302D95F214D2391D003F00A1 /* MainViewController.xib in Resources */ = {isa = PBXBuildFile; fileRef = 302D95F014D2391D003F00A1 /* MainViewController.xib */; };
		34830B06EA6544E3A86DF8A4 /* libepos2.a in Frameworks */ = {isa = PBXBuildFile; fileRef = D835E59F4CF345C9BDE83158 /* libepos2.a */; };
		429911A4AF7841589AB582CE /* HWCardReaderAdapter.m in Sources */ = {isa = PBXBuildFile; fileRef = FC26E3C9415640CF935A3B45 /* HWCardReaderAdapter.m */; };
		5C35277249744944A694F346 /* CDVPrintPDF.m in Sources */ = {isa = PBXBuildFile; fileRef = 84F146924811494FA6FF8935 /* CDVPrintPDF.m */; };
		62B97D1B7C6C49F89EBCA364 /* libz.dylib in Frameworks */ = {isa = PBXBuildFile; fileRef = 8AF61C2C4A064C87ADF70F0F /* libz.dylib */; };
		8A46948552D943F29B36ADB0 /* APPPrinter.m in Sources */ = {isa = PBXBuildFile; fileRef = 6728E951323D4DF2BCDF939F /* APPPrinter.m */; };
		904E83D40AF5476099877B94 /* CDVDevice.m in Sources */ = {isa = PBXBuildFile; fileRef = 641C6D348A114661901E785E /* CDVDevice.m */; };
		9282C98AB9044F2EB9C35A41 /* SystemConfiguration.framework in Frameworks */ = {isa = PBXBuildFile; fileRef = DF48C7A7D3EA43058CFC90F6 /* SystemConfiguration.framework */; };
		9645A7D379014C10A466A81A /* NSData+Base64.m in Sources */ = {isa = PBXBuildFile; fileRef = 9098D892602C4FEEA74F9D49 /* NSData+Base64.m */; };
		96D26B01A994490A854ABBEB /* libxml2.2.tbd in Frameworks */ = {isa = PBXBuildFile; fileRef = 964012FA199F47BBB361D20B /* libxml2.2.tbd */; };
		9A7727A7B09E4E8FBCA710AC /* HWDeviceAdapter.m in Sources */ = {isa = PBXBuildFile; fileRef = 3F76739E077F48EB9849ABEA /* HWDeviceAdapter.m */; };
		9E84A10FF0A945C6AE7B9FE6 /* MediaPlayer.framework in Frameworks */ = {isa = PBXBuildFile; fileRef = 4203BAA7EC48439D8E70B333 /* MediaPlayer.framework */; };
		A29D81832D8946C5AE044A1A /* HWPrinterAdapter.m in Sources */ = {isa = PBXBuildFile; fileRef = 244D4C15CAFD4680892A8017 /* HWPrinterAdapter.m */; };
		A31068FC760B4FAF8E202A90 /* HWBarcodeScannerAdapter.m in Sources */ = {isa = PBXBuildFile; fileRef = 71DB2F9642C3404E86D3501E /* HWBarcodeScannerAdapter.m */; };
		B46436CFB00249AAB15B3512 /* CDVAssetLibraryFilesystem.m in Sources */ = {isa = PBXBuildFile; fileRef = D727307B0768418890BA1C04 /* CDVAssetLibraryFilesystem.m */; };
		BE325603781543339F9E4F31 /* WebViewPlugin.m in Sources */ = {isa = PBXBuildFile; fileRef = BACE71069D3645D5AEE74118 /* WebViewPlugin.m */; };
		C6AA115EF50141928F5F541C /* CDVLocalFilesystem.m in Sources */ = {isa = PBXBuildFile; fileRef = A360BF3722B547FB9F993AD7 /* CDVLocalFilesystem.m */; };
		D372035D46194BEEA86D2FB0 /* AVFoundation.framework in Frameworks */ = {isa = PBXBuildFile; fileRef = 41C2EA65EEA04A94962C664B /* AVFoundation.framework */; };
		F20EBF9409D541CC9BBA983E /* GCDAsyncSocket.m in Sources */ = {isa = PBXBuildFile; fileRef = FBE66D15B3944048B5877DAA /* GCDAsyncSocket.m */; };
/* End PBXBuildFile section */

/* Begin PBXContainerItemProxy section */
		301BF534109A57CC0062928A /* PBXContainerItemProxy */ = {
			isa = PBXContainerItemProxy;
			containerPortal = 301BF52D109A57CC0062928A /* CordovaLib.xcodeproj */;
			proxyType = 2;
			remoteGlobalIDString = D2AAC07E0554694100DB518D;
			remoteInfo = CordovaLib;
		};
		301BF550109A68C00062928A /* PBXContainerItemProxy */ = {
			isa = PBXContainerItemProxy;
			containerPortal = 301BF52D109A57CC0062928A /* CordovaLib.xcodeproj */;
			proxyType = 1;
			remoteGlobalIDString = D2AAC07D0554694100DB518D;
			remoteInfo = CordovaLib;
		};
/* End PBXContainerItemProxy section */

/* Begin PBXFileReference section */
		0207DA571B56EA530066E2B4 /* Images.xcassets */ = {isa = PBXFileReference; lastKnownFileType = folder.assetcatalog; name = Images.xcassets; path = HelloWorld/Images.xcassets; sourceTree = SOURCE_ROOT; };
		02B06AA3BE7041A795501927 /* HWCashDrawerAdapter.m */ = {isa = PBXFileReference; explicitFileType = undefined; fileEncoding = 4; includeInIndex = 0; lastKnownFileType = sourcecode.c.objc; name = HWCashDrawerAdapter.m; path = com.manh.baseDeviceAdapter/HWCashDrawerAdapter.m; sourceTree = "<group>"; };
		06916DED235646FA9436A54E /* HWCardReaderAdapter.h */ = {isa = PBXFileReference; explicitFileType = undefined; fileEncoding = 4; includeInIndex = 0; lastKnownFileType = sourcecode.c.h; name = HWCardReaderAdapter.h; path = com.manh.baseDeviceAdapter/HWCardReaderAdapter.h; sourceTree = "<group>"; };
		11BC4C0F9C6C4899B6C7A8B3 /* HWDeviceAdapter.h */ = {isa = PBXFileReference; explicitFileType = undefined; fileEncoding = 4; includeInIndex = 0; lastKnownFileType = sourcecode.c.h; name = HWDeviceAdapter.h; path = com.manh.baseDeviceAdapter/HWDeviceAdapter.h; sourceTree = "<group>"; };
		1458BE4B1B2142DD9AA9B703 /* ImageIO.framework */ = {isa = PBXFileReference; explicitFileType = undefined; fileEncoding = 9; includeInIndex = 0; lastKnownFileType = wrapper.framework; name = ImageIO.framework; path = System/Library/Frameworks/ImageIO.framework; sourceTree = SDKROOT; };
		14709A2E042F4FD18794ADE8 /* ExternalAccessory.framework */ = {isa = PBXFileReference; explicitFileType = undefined; fileEncoding = 9; includeInIndex = 0; lastKnownFileType = wrapper.framework; name = ExternalAccessory.framework; path = System/Library/Frameworks/ExternalAccessory.framework; sourceTree = SDKROOT; };
		1D3623240D0F684500981E51 /* AppDelegate.h */ = {isa = PBXFileReference; fileEncoding = 4; lastKnownFileType = sourcecode.c.h; path = AppDelegate.h; sourceTree = "<group>"; };
		1D3623250D0F684500981E51 /* AppDelegate.m */ = {isa = PBXFileReference; fileEncoding = 4; lastKnownFileType = sourcecode.c.objc; path = AppDelegate.m; sourceTree = "<group>"; };
		1D6058910D05DD3D006BFB54 /* HelloWorld.app */ = {isa = PBXFileReference; explicitFileType = wrapper.application; includeInIndex = 0; path = HelloWorld.app; sourceTree = BUILT_PRODUCTS_DIR; };
		244BBABF1A71409CBB39FE7C /* HWBarcodeScannerAdapter.h */ = {isa = PBXFileReference; explicitFileType = undefined; fileEncoding = 4; includeInIndex = 0; lastKnownFileType = sourcecode.c.h; name = HWBarcodeScannerAdapter.h; path = com.manh.baseDeviceAdapter/HWBarcodeScannerAdapter.h; sourceTree = "<group>"; };
		244D4C15CAFD4680892A8017 /* HWPrinterAdapter.m */ = {isa = PBXFileReference; explicitFileType = undefined; fileEncoding = 4; includeInIndex = 0; lastKnownFileType = sourcecode.c.objc; name = HWPrinterAdapter.m; path = com.manh.baseDeviceAdapter/HWPrinterAdapter.m; sourceTree = "<group>"; };
		29B97316FDCFA39411CA2CEA /* main.m */ = {isa = PBXFileReference; fileEncoding = 4; lastKnownFileType = sourcecode.c.objc; path = main.m; sourceTree = "<group>"; };
		2F2464B024FA4590A0621204 /* HWCashDrawerAdapter.h */ = {isa = PBXFileReference; explicitFileType = undefined; fileEncoding = 4; includeInIndex = 0; lastKnownFileType = sourcecode.c.h; name = HWCashDrawerAdapter.h; path = com.manh.baseDeviceAdapter/HWCashDrawerAdapter.h; sourceTree = "<group>"; };
		301BF52D109A57CC0062928A /* CordovaLib.xcodeproj */ = {isa = PBXFileReference; lastKnownFileType = "wrapper.pb-project"; name = CordovaLib.xcodeproj; path = CordovaLib/CordovaLib.xcodeproj; sourceTree = "<group>"; };
		301BF56E109A69640062928A /* www */ = {isa = PBXFileReference; lastKnownFileType = folder; path = www; sourceTree = SOURCE_ROOT; };
		302D95EE14D2391D003F00A1 /* MainViewController.h */ = {isa = PBXFileReference; fileEncoding = 4; lastKnownFileType = sourcecode.c.h; path = MainViewController.h; sourceTree = "<group>"; };
		302D95EF14D2391D003F00A1 /* MainViewController.m */ = {isa = PBXFileReference; fileEncoding = 4; lastKnownFileType = sourcecode.c.objc; path = MainViewController.m; sourceTree = "<group>"; };
		302D95F014D2391D003F00A1 /* MainViewController.xib */ = {isa = PBXFileReference; fileEncoding = 4; lastKnownFileType = file.xib; path = MainViewController.xib; sourceTree = "<group>"; };
		3047A50F1AB8059700498E2A /* build-debug.xcconfig */ = {isa = PBXFileReference; fileEncoding = 4; lastKnownFileType = text.xcconfig; name = "build-debug.xcconfig"; path = "cordova/build-debug.xcconfig"; sourceTree = SOURCE_ROOT; };
		3047A5101AB8059700498E2A /* build-release.xcconfig */ = {isa = PBXFileReference; fileEncoding = 4; lastKnownFileType = text.xcconfig; name = "build-release.xcconfig"; path = "cordova/build-release.xcconfig"; sourceTree = SOURCE_ROOT; };
		3047A5111AB8059700498E2A /* build.xcconfig */ = {isa = PBXFileReference; fileEncoding = 4; lastKnownFileType = text.xcconfig; name = build.xcconfig; path = cordova/build.xcconfig; sourceTree = SOURCE_ROOT; };
		3259665B346C4D6E8DB34F08 /* GCDAsyncSocket.h */ = {isa = PBXFileReference; explicitFileType = undefined; fileEncoding = 4; includeInIndex = 0; lastKnownFileType = sourcecode.c.h; name = GCDAsyncSocket.h; path = com.manh.baseDeviceAdapter/GCDAsyncSocket.h; sourceTree = "<group>"; };
		32CA4F630368D1EE00C91783 /* HelloWorld-Prefix.pch */ = {isa = PBXFileReference; fileEncoding = 4; lastKnownFileType = sourcecode.c.h; path = "HelloWorld-Prefix.pch"; sourceTree = "<group>"; };
		3F76739E077F48EB9849ABEA /* HWDeviceAdapter.m */ = {isa = PBXFileReference; explicitFileType = undefined; fileEncoding = 4; includeInIndex = 0; lastKnownFileType = sourcecode.c.objc; name = HWDeviceAdapter.m; path = com.manh.baseDeviceAdapter/HWDeviceAdapter.m; sourceTree = "<group>"; };
		41C2EA65EEA04A94962C664B /* AVFoundation.framework */ = {isa = PBXFileReference; explicitFileType = undefined; fileEncoding = 9; includeInIndex = 0; lastKnownFileType = wrapper.framework; name = AVFoundation.framework; path = System/Library/Frameworks/AVFoundation.framework; sourceTree = SDKROOT; };
		4203BAA7EC48439D8E70B333 /* MediaPlayer.framework */ = {isa = PBXFileReference; explicitFileType = undefined; fileEncoding = 9; includeInIndex = 0; lastKnownFileType = wrapper.framework; name = MediaPlayer.framework; path = System/Library/Frameworks/MediaPlayer.framework; sourceTree = SDKROOT; };
		46CCEEE513454D84AB358AF0 /* CDVAssetLibraryFilesystem.h */ = {isa = PBXFileReference; explicitFileType = undefined; fileEncoding = 4; includeInIndex = 0; lastKnownFileType = sourcecode.c.h; name = CDVAssetLibraryFilesystem.h; path = "cordova-plugin-file/CDVAssetLibraryFilesystem.h"; sourceTree = "<group>"; };
		5BD7F22FC6314DD1B3E42FEA /* CDVLocalFilesystem.h */ = {isa = PBXFileReference; explicitFileType = undefined; fileEncoding = 4; includeInIndex = 0; lastKnownFileType = sourcecode.c.h; name = CDVLocalFilesystem.h; path = "cordova-plugin-file/CDVLocalFilesystem.h"; sourceTree = "<group>"; };
		641C6D348A114661901E785E /* CDVDevice.m */ = {isa = PBXFileReference; explicitFileType = undefined; fileEncoding = 4; includeInIndex = 0; lastKnownFileType = sourcecode.c.objc; name = CDVDevice.m; path = "cordova-plugin-device/CDVDevice.m"; sourceTree = "<group>"; };
		6458E8D2C427461499A93113 /* CoreLocation.framework */ = {isa = PBXFileReference; explicitFileType = undefined; fileEncoding = 9; includeInIndex = 0; lastKnownFileType = wrapper.framework; name = CoreLocation.framework; path = System/Library/Frameworks/CoreLocation.framework; sourceTree = SDKROOT; };
		6728E951323D4DF2BCDF939F /* APPPrinter.m */ = {isa = PBXFileReference; explicitFileType = undefined; fileEncoding = 4; includeInIndex = 0; lastKnownFileType = sourcecode.c.objc; name = APPPrinter.m; path = "cordova-plugin-printer/APPPrinter.m"; sourceTree = "<group>"; };
		69416ED4FCF14BE59D6A1B09 /* WebViewPlugin.h */ = {isa = PBXFileReference; explicitFileType = undefined; fileEncoding = 4; includeInIndex = 0; lastKnownFileType = sourcecode.c.h; name = WebViewPlugin.h; path = cl.kunder.webview/WebViewPlugin.h; sourceTree = "<group>"; };
		6C18B4D76AE7474BB2161091 /* CDVFile.h */ = {isa = PBXFileReference; explicitFileType = undefined; fileEncoding = 4; includeInIndex = 0; lastKnownFileType = sourcecode.c.h; name = CDVFile.h; path = "cordova-plugin-file/CDVFile.h"; sourceTree = "<group>"; };
		71DB2F9642C3404E86D3501E /* HWBarcodeScannerAdapter.m */ = {isa = PBXFileReference; explicitFileType = undefined; fileEncoding = 4; includeInIndex = 0; lastKnownFileType = sourcecode.c.objc; name = HWBarcodeScannerAdapter.m; path = com.manh.baseDeviceAdapter/HWBarcodeScannerAdapter.m; sourceTree = "<group>"; };
		77C8DAF3B68B4C16B6425438 /* CDVPrintPDF.h */ = {isa = PBXFileReference; explicitFileType = undefined; fileEncoding = 4; includeInIndex = 0; lastKnownFileType = sourcecode.c.h; name = CDVPrintPDF.h; path = "cordova-plugin-print-pdf/CDVPrintPDF.h"; sourceTree = "<group>"; };
		84F146924811494FA6FF8935 /* CDVPrintPDF.m */ = {isa = PBXFileReference; explicitFileType = undefined; fileEncoding = 4; includeInIndex = 0; lastKnownFileType = sourcecode.c.objc; name = CDVPrintPDF.m; path = "cordova-plugin-print-pdf/CDVPrintPDF.m"; sourceTree = "<group>"; };
		8AF61C2C4A064C87ADF70F0F /* libz.dylib */ = {isa = PBXFileReference; explicitFileType = undefined; fileEncoding = 9; includeInIndex = 0; lastKnownFileType = "compiled.mach-o.dylib"; name = libz.dylib; path = usr/lib/libz.dylib; sourceTree = SDKROOT; };
		8D1107310486CEB800E47090 /* HelloWorld-Info.plist */ = {isa = PBXFileReference; fileEncoding = 4; lastKnownFileType = text.plist.xml; name = "HelloWorld-Info.plist"; path = "HelloWorld/HelloWorld-Info.plist"; plistStructureDefinitionIdentifier = "com.apple.xcode.plist.structure-definition.iphone.info-plist"; sourceTree = SOURCE_ROOT; };
		9098D892602C4FEEA74F9D49 /* NSData+Base64.m */ = {isa = PBXFileReference; explicitFileType = undefined; fileEncoding = 4; includeInIndex = 0; lastKnownFileType = sourcecode.c.objc; name = "NSData+Base64.m"; path = "cordova-plugin-ios-base64/NSData+Base64.m"; sourceTree = "<group>"; };
		964012FA199F47BBB361D20B /* libxml2.2.tbd */ = {isa = PBXFileReference; explicitFileType = undefined; fileEncoding = 9; includeInIndex = 0; lastKnownFileType = "sourcecode.text-based-dylib-definition"; name = libxml2.2.tbd; path = usr/lib/libxml2.2.tbd; sourceTree = SDKROOT; };
		9B9819CF47B04DEB8B55527B /* APPPrinter.h */ = {isa = PBXFileReference; explicitFileType = undefined; fileEncoding = 4; includeInIndex = 0; lastKnownFileType = sourcecode.c.h; name = APPPrinter.h; path = "cordova-plugin-printer/APPPrinter.h"; sourceTree = "<group>"; };
		A360BF3722B547FB9F993AD7 /* CDVLocalFilesystem.m */ = {isa = PBXFileReference; explicitFileType = undefined; fileEncoding = 4; includeInIndex = 0; lastKnownFileType = sourcecode.c.objc; name = CDVLocalFilesystem.m; path = "cordova-plugin-file/CDVLocalFilesystem.m"; sourceTree = "<group>"; };
		A850393E4765452AAAB63438 /* CDVFile.m */ = {isa = PBXFileReference; explicitFileType = undefined; fileEncoding = 4; includeInIndex = 0; lastKnownFileType = sourcecode.c.objc; name = CDVFile.m; path = "cordova-plugin-file/CDVFile.m"; sourceTree = "<group>"; };
		B02B9B275EAD47EBB1999FD1 /* NSData+Base64.h */ = {isa = PBXFileReference; explicitFileType = undefined; fileEncoding = 4; includeInIndex = 0; lastKnownFileType = sourcecode.c.h; name = "NSData+Base64.h"; path = "cordova-plugin-ios-base64/NSData+Base64.h"; sourceTree = "<group>"; };
		BACE71069D3645D5AEE74118 /* WebViewPlugin.m */ = {isa = PBXFileReference; explicitFileType = undefined; fileEncoding = 4; includeInIndex = 0; lastKnownFileType = sourcecode.c.objc; name = WebViewPlugin.m; path = cl.kunder.webview/WebViewPlugin.m; sourceTree = "<group>"; };
		C735732E31A547EF9AC6D067 /* CDVDevice.h */ = {isa = PBXFileReference; explicitFileType = undefined; fileEncoding = 4; includeInIndex = 0; lastKnownFileType = sourcecode.c.h; name = CDVDevice.h; path = "cordova-plugin-device/CDVDevice.h"; sourceTree = "<group>"; };
		C793CC5B09604FDBAF7C2D6A /* HWPrinterAdapter.h */ = {isa = PBXFileReference; explicitFileType = undefined; fileEncoding = 4; includeInIndex = 0; lastKnownFileType = sourcecode.c.h; name = HWPrinterAdapter.h; path = com.manh.baseDeviceAdapter/HWPrinterAdapter.h; sourceTree = "<group>"; };
		D52867CC44224A23AA0FDC5E /* ePOS2.h */ = {isa = PBXFileReference; explicitFileType = undefined; fileEncoding = 4; includeInIndex = 0; lastKnownFileType = sourcecode.c.h; name = ePOS2.h; path = com.manh.epsonPrinter/ePOS2.h; sourceTree = "<group>"; };
		D727307B0768418890BA1C04 /* CDVAssetLibraryFilesystem.m */ = {isa = PBXFileReference; explicitFileType = undefined; fileEncoding = 4; includeInIndex = 0; lastKnownFileType = sourcecode.c.objc; name = CDVAssetLibraryFilesystem.m; path = "cordova-plugin-file/CDVAssetLibraryFilesystem.m"; sourceTree = "<group>"; };
		D835E59F4CF345C9BDE83158 /* libepos2.a */ = {isa = PBXFileReference; explicitFileType = undefined; fileEncoding = 9; includeInIndex = 0; lastKnownFileType = archive.ar; name = libepos2.a; path = HelloWorld/Plugins/com.manh.epsonPrinter/libepos2.a; sourceTree = "<group>"; };
		DF48C7A7D3EA43058CFC90F6 /* SystemConfiguration.framework */ = {isa = PBXFileReference; explicitFileType = undefined; fileEncoding = 9; includeInIndex = 0; lastKnownFileType = wrapper.framework; name = SystemConfiguration.framework; path = System/Library/Frameworks/SystemConfiguration.framework; sourceTree = SDKROOT; };
		E8A2BA7B2AC44CE484DC671C /* VMF.framework */ = {isa = PBXFileReference; explicitFileType = undefined; fileEncoding = 9; includeInIndex = 0; lastKnownFileType = wrapper.framework; name = VMF.framework; path = HelloWorld/Plugins/com.manh.verifoneBarcode/VMF.framework; sourceTree = "<group>"; };
		EB87FDF31871DA8E0020F90C /* www */ = {isa = PBXFileReference; lastKnownFileType = folder; name = www; path = ../../www; sourceTree = "<group>"; };
		EB87FDF41871DAF40020F90C /* config.xml */ = {isa = PBXFileReference; lastKnownFileType = text.xml; name = config.xml; path = ../../config.xml; sourceTree = "<group>"; };
		ED33DF2A687741AEAF9F8254 /* Bridging-Header.h */ = {isa = PBXFileReference; fileEncoding = 4; lastKnownFileType = sourcecode.c.h; path = "Bridging-Header.h"; sourceTree = "<group>"; };
		F840E1F0165FE0F500CFE078 /* config.xml */ = {isa = PBXFileReference; lastKnownFileType = text.xml; name = config.xml; path = HelloWorld/config.xml; sourceTree = "<group>"; };
		FBE66D15B3944048B5877DAA /* GCDAsyncSocket.m */ = {isa = PBXFileReference; explicitFileType = undefined; fileEncoding = 4; includeInIndex = 0; lastKnownFileType = sourcecode.c.objc; name = GCDAsyncSocket.m; path = com.manh.baseDeviceAdapter/GCDAsyncSocket.m; sourceTree = "<group>"; };
		FC26E3C9415640CF935A3B45 /* HWCardReaderAdapter.m */ = {isa = PBXFileReference; explicitFileType = undefined; fileEncoding = 4; includeInIndex = 0; lastKnownFileType = sourcecode.c.objc; name = HWCardReaderAdapter.m; path = com.manh.baseDeviceAdapter/HWCardReaderAdapter.m; sourceTree = "<group>"; };
/* End PBXFileReference section */

/* Begin PBXFrameworksBuildPhase section */
		1D60588F0D05DD3D006BFB54 /* Frameworks */ = {
			isa = PBXFrameworksBuildPhase;
			buildActionMask = 2147483647;
			files = (
				301BF552109A68D80062928A /* libCordova.a in Frameworks */,
				9E84A10FF0A945C6AE7B9FE6 /* MediaPlayer.framework in Frameworks */,
				09352B72A12946F6AA51CB92 /* ExternalAccessory.framework in Frameworks */,
				9282C98AB9044F2EB9C35A41 /* SystemConfiguration.framework in Frameworks */,
				1C185C4201AE4D2F9A714C0A /* ImageIO.framework in Frameworks */,
				2DC9D6F4C5364395B9674EB9 /* CoreLocation.framework in Frameworks */,
				D372035D46194BEEA86D2FB0 /* AVFoundation.framework in Frameworks */,
				62B97D1B7C6C49F89EBCA364 /* libz.dylib in Frameworks */,
				96D26B01A994490A854ABBEB /* libxml2.2.tbd in Frameworks */,
				34830B06EA6544E3A86DF8A4 /* libepos2.a in Frameworks */,
			);
			runOnlyForDeploymentPostprocessing = 0;
		};
/* End PBXFrameworksBuildPhase section */

/* Begin PBXGroup section */
		080E96DDFE201D6D7F000001 /* Classes */ = {
			isa = PBXGroup;
			children = (
				302D95EE14D2391D003F00A1 /* MainViewController.h */,
				302D95EF14D2391D003F00A1 /* MainViewController.m */,
				302D95F014D2391D003F00A1 /* MainViewController.xib */,
				1D3623240D0F684500981E51 /* AppDelegate.h */,
				1D3623250D0F684500981E51 /* AppDelegate.m */,
			);
			name = Classes;
			path = HelloWorld/Classes;
			sourceTree = SOURCE_ROOT;
		};
		19C28FACFE9D520D11CA2CBB /* Products */ = {
			isa = PBXGroup;
			children = (
				1D6058910D05DD3D006BFB54 /* HelloWorld.app */,
			);
			name = Products;
			sourceTree = "<group>";
		};
		29B97314FDCFA39411CA2CEA /* CustomTemplate */ = {
			isa = PBXGroup;
			children = (
				EB87FDF41871DAF40020F90C /* config.xml */,
				EB87FDF31871DA8E0020F90C /* www */,
				EB87FDF11871DA420020F90C /* Staging */,
				301BF52D109A57CC0062928A /* CordovaLib.xcodeproj */,
				080E96DDFE201D6D7F000001 /* Classes */,
				307C750510C5A3420062BCA9 /* Plugins */,
				29B97315FDCFA39411CA2CEA /* Other Sources */,
				29B97317FDCFA39411CA2CEA /* Resources */,
				29B97323FDCFA39411CA2CEA /* Frameworks */,
				19C28FACFE9D520D11CA2CBB /* Products */,
			);
			name = CustomTemplate;
			sourceTree = "<group>";
		};
		29B97315FDCFA39411CA2CEA /* Other Sources */ = {
			isa = PBXGroup;
			children = (
				32CA4F630368D1EE00C91783 /* HelloWorld-Prefix.pch */,
				29B97316FDCFA39411CA2CEA /* main.m */,
				ED33DF2A687741AEAF9F8254 /* Bridging-Header.h */,
			);
			name = "Other Sources";
			path = HelloWorld;
			sourceTree = "<group>";
		};
		29B97317FDCFA39411CA2CEA /* Resources */ = {
			isa = PBXGroup;
			children = (
				0207DA571B56EA530066E2B4 /* Images.xcassets */,
				3047A50E1AB8057F00498E2A /* config */,
				8D1107310486CEB800E47090 /* HelloWorld-Info.plist */,
			);
			name = Resources;
			path = HelloWorld/Resources;
			sourceTree = "<group>";
		};
		29B97323FDCFA39411CA2CEA /* Frameworks */ = {
			isa = PBXGroup;
			children = (
				4203BAA7EC48439D8E70B333 /* MediaPlayer.framework */,
				14709A2E042F4FD18794ADE8 /* ExternalAccessory.framework */,
				DF48C7A7D3EA43058CFC90F6 /* SystemConfiguration.framework */,
				1458BE4B1B2142DD9AA9B703 /* ImageIO.framework */,
				6458E8D2C427461499A93113 /* CoreLocation.framework */,
				41C2EA65EEA04A94962C664B /* AVFoundation.framework */,
				8AF61C2C4A064C87ADF70F0F /* libz.dylib */,
				964012FA199F47BBB361D20B /* libxml2.2.tbd */,
				D835E59F4CF345C9BDE83158 /* libepos2.a */,
				E8A2BA7B2AC44CE484DC671C /* VMF.framework */,
			);
			name = Frameworks;
			sourceTree = "<group>";
		};
		301BF52E109A57CC0062928A /* Products */ = {
			isa = PBXGroup;
			children = (
				301BF535109A57CC0062928A /* libCordova.a */,
			);
			name = Products;
			sourceTree = "<group>";
		};
		3047A50E1AB8057F00498E2A /* config */ = {
			isa = PBXGroup;
			children = (
				3047A50F1AB8059700498E2A /* build-debug.xcconfig */,
				3047A5101AB8059700498E2A /* build-release.xcconfig */,
				3047A5111AB8059700498E2A /* build.xcconfig */,
			);
			name = config;
			sourceTree = "<group>";
		};
		307C750510C5A3420062BCA9 /* Plugins */ = {
			isa = PBXGroup;
			children = (
				71DB2F9642C3404E86D3501E /* HWBarcodeScannerAdapter.m */,
				3F76739E077F48EB9849ABEA /* HWDeviceAdapter.m */,
				FC26E3C9415640CF935A3B45 /* HWCardReaderAdapter.m */,
				02B06AA3BE7041A795501927 /* HWCashDrawerAdapter.m */,
				244D4C15CAFD4680892A8017 /* HWPrinterAdapter.m */,
				FBE66D15B3944048B5877DAA /* GCDAsyncSocket.m */,
				11BC4C0F9C6C4899B6C7A8B3 /* HWDeviceAdapter.h */,
				244BBABF1A71409CBB39FE7C /* HWBarcodeScannerAdapter.h */,
				06916DED235646FA9436A54E /* HWCardReaderAdapter.h */,
				2F2464B024FA4590A0621204 /* HWCashDrawerAdapter.h */,
				C793CC5B09604FDBAF7C2D6A /* HWPrinterAdapter.h */,
				3259665B346C4D6E8DB34F08 /* GCDAsyncSocket.h */,
				D52867CC44224A23AA0FDC5E /* ePOS2.h */,
				6728E951323D4DF2BCDF939F /* APPPrinter.m */,
				9B9819CF47B04DEB8B55527B /* APPPrinter.h */,
				641C6D348A114661901E785E /* CDVDevice.m */,
				C735732E31A547EF9AC6D067 /* CDVDevice.h */,
				9098D892602C4FEEA74F9D49 /* NSData+Base64.m */,
				B02B9B275EAD47EBB1999FD1 /* NSData+Base64.h */,
				A850393E4765452AAAB63438 /* CDVFile.m */,
				A360BF3722B547FB9F993AD7 /* CDVLocalFilesystem.m */,
				D727307B0768418890BA1C04 /* CDVAssetLibraryFilesystem.m */,
				6C18B4D76AE7474BB2161091 /* CDVFile.h */,
				5BD7F22FC6314DD1B3E42FEA /* CDVLocalFilesystem.h */,
				46CCEEE513454D84AB358AF0 /* CDVAssetLibraryFilesystem.h */,
				84F146924811494FA6FF8935 /* CDVPrintPDF.m */,
				77C8DAF3B68B4C16B6425438 /* CDVPrintPDF.h */,
				BACE71069D3645D5AEE74118 /* WebViewPlugin.m */,
				69416ED4FCF14BE59D6A1B09 /* WebViewPlugin.h */,
			);
			name = Plugins;
			path = HelloWorld/Plugins;
			sourceTree = SOURCE_ROOT;
		};
		EB87FDF11871DA420020F90C /* Staging */ = {
			isa = PBXGroup;
			children = (
				F840E1F0165FE0F500CFE078 /* config.xml */,
				301BF56E109A69640062928A /* www */,
			);
			name = Staging;
			sourceTree = "<group>";
		};
/* End PBXGroup section */

/* Begin PBXNativeTarget section */
		1D6058900D05DD3D006BFB54 /* HelloWorld */ = {
			isa = PBXNativeTarget;
			buildConfigurationList = 1D6058960D05DD3E006BFB54 /* Build configuration list for PBXNativeTarget "HelloWorld" */;
			buildPhases = (
				304B58A110DAC018002A0835 /* Copy www directory */,
				1D60588D0D05DD3D006BFB54 /* Resources */,
				1D60588E0D05DD3D006BFB54 /* Sources */,
				1D60588F0D05DD3D006BFB54 /* Frameworks */,
			);
			buildRules = (
			);
			dependencies = (
				301BF551109A68C00062928A /* PBXTargetDependency */,
			);
			name = HelloWorld;
			productName = HelloWorld;
			productReference = 1D6058910D05DD3D006BFB54 /* HelloWorld.app */;
			productType = "com.apple.product-type.application";
		};
/* End PBXNativeTarget section */

/* Begin PBXProject section */
		29B97313FDCFA39411CA2CEA /* Project object */ = {
			isa = PBXProject;
			attributes = {
				LastUpgradeCheck = 510;
				TargetAttributes = {
					1D6058900D05DD3D006BFB54 = {
						DevelopmentTeam = SU7QMY8UX7;
						ProvisioningStyle = Manual;
					};
				};
			};
			buildConfigurationList = C01FCF4E08A954540054247B /* Build configuration list for PBXProject "HelloWorld" */;
			compatibilityVersion = "Xcode 3.2";
			developmentRegion = English;
			hasScannedForEncodings = 1;
			knownRegions = (
				en,
			);
			mainGroup = 29B97314FDCFA39411CA2CEA /* CustomTemplate */;
			projectDirPath = "";
			projectReferences = (
				{
					ProductGroup = 301BF52E109A57CC0062928A /* Products */;
					ProjectRef = 301BF52D109A57CC0062928A /* CordovaLib.xcodeproj */;
				},
			);
			projectRoot = "";
			targets = (
				1D6058900D05DD3D006BFB54 /* HelloWorld */,
			);
		};
/* End PBXProject section */

/* Begin PBXReferenceProxy section */
		301BF535109A57CC0062928A /* libCordova.a */ = {
			isa = PBXReferenceProxy;
			fileType = archive.ar;
			path = libCordova.a;
			remoteRef = 301BF534109A57CC0062928A /* PBXContainerItemProxy */;
			sourceTree = BUILT_PRODUCTS_DIR;
		};
/* End PBXReferenceProxy section */

/* Begin PBXResourcesBuildPhase section */
		1D60588D0D05DD3D006BFB54 /* Resources */ = {
			isa = PBXResourcesBuildPhase;
			buildActionMask = 2147483647;
			files = (
				302D95F214D2391D003F00A1 /* MainViewController.xib in Resources */,
				0207DA581B56EA530066E2B4 /* Images.xcassets in Resources */,
			);
			runOnlyForDeploymentPostprocessing = 0;
		};
/* End PBXResourcesBuildPhase section */

/* Begin PBXShellScriptBuildPhase section */
		304B58A110DAC018002A0835 /* Copy www directory */ = {
			isa = PBXShellScriptBuildPhase;
			buildActionMask = 2147483647;
			files = (
			);
			inputPaths = (
			);
			name = "Copy www directory";
			outputPaths = (
			);
			runOnlyForDeploymentPostprocessing = 0;
			shellPath = /bin/sh;
			shellScript = "NODEJS_PATH=/usr/local/bin; NVM_NODE_PATH=~/.nvm/versions/node/`nvm version 2>/dev/null`/bin; N_NODE_PATH=`find /usr/local/n/versions/node/* -maxdepth 0 -type d 2>/dev/null | tail -1`/bin; XCODE_NODE_PATH=`xcode-select --print-path`/usr/share/xcs/Node/bin; PATH=$NODEJS_PATH:$NVM_NODE_PATH:$N_NODE_PATH:$XCODE_NODE_PATH:$PATH && node cordova/lib/copy-www-build-step.js";
			showEnvVarsInLog = 0;
		};
/* End PBXShellScriptBuildPhase section */

/* Begin PBXSourcesBuildPhase section */
		1D60588E0D05DD3D006BFB54 /* Sources */ = {
			isa = PBXSourcesBuildPhase;
			buildActionMask = 2147483647;
			files = (
				1D60589B0D05DD56006BFB54 /* main.m in Sources */,
				1D3623260D0F684500981E51 /* AppDelegate.m in Sources */,
				302D95F114D2391D003F00A1 /* MainViewController.m in Sources */,
				A31068FC760B4FAF8E202A90 /* HWBarcodeScannerAdapter.m in Sources */,
				9A7727A7B09E4E8FBCA710AC /* HWDeviceAdapter.m in Sources */,
				429911A4AF7841589AB582CE /* HWCardReaderAdapter.m in Sources */,
				2A1FF9F39C184D1D8A5D14E1 /* HWCashDrawerAdapter.m in Sources */,
				A29D81832D8946C5AE044A1A /* HWPrinterAdapter.m in Sources */,
				F20EBF9409D541CC9BBA983E /* GCDAsyncSocket.m in Sources */,
				8A46948552D943F29B36ADB0 /* APPPrinter.m in Sources */,
				904E83D40AF5476099877B94 /* CDVDevice.m in Sources */,
				9645A7D379014C10A466A81A /* NSData+Base64.m in Sources */,
				25AA6E737B5A4A3099FEB713 /* CDVFile.m in Sources */,
				C6AA115EF50141928F5F541C /* CDVLocalFilesystem.m in Sources */,
				B46436CFB00249AAB15B3512 /* CDVAssetLibraryFilesystem.m in Sources */,
				5C35277249744944A694F346 /* CDVPrintPDF.m in Sources */,
				BE325603781543339F9E4F31 /* WebViewPlugin.m in Sources */,
			);
			runOnlyForDeploymentPostprocessing = 0;
		};
/* End PBXSourcesBuildPhase section */

/* Begin PBXTargetDependency section */
		301BF551109A68C00062928A /* PBXTargetDependency */ = {
			isa = PBXTargetDependency;
			name = CordovaLib;
			targetProxy = 301BF550109A68C00062928A /* PBXContainerItemProxy */;
		};
/* End PBXTargetDependency section */

/* Begin XCBuildConfiguration section */
		1D6058940D05DD3E006BFB54 /* Debug */ = {
			isa = XCBuildConfiguration;
			baseConfigurationReference = 3047A50F1AB8059700498E2A /* build-debug.xcconfig */;
			buildSettings = {
				ALWAYS_SEARCH_USER_PATHS = NO;
				ASSETCATALOG_COMPILER_APPICON_NAME = AppIcon;
				ASSETCATALOG_COMPILER_LAUNCHIMAGE_NAME = LaunchImage;
				CLANG_ENABLE_MODULES = YES;
				CLANG_ENABLE_OBJC_ARC = YES;
				CODE_SIGN_IDENTITY = "iPhone Developer";
				"CODE_SIGN_IDENTITY[sdk=iphoneos*]" = "iPhone Developer";
				COPY_PHASE_STRIP = NO;
				DEVELOPMENT_TEAM = SU7QMY8UX7;
				FRAMEWORK_SEARCH_PATHS = (
					"$(inherited)",
					"\"HelloWorld/Plugins/com.manh.verifoneBarcode\"",
					"\"HelloWorld/Plugins/com.manh.verifoneCardReader\"",
					"\"HelloWorld/Plugins/com.manh.verifoneBarcode\"",
					"\"HelloWorld/Plugins/com.manh.verifoneCardReader\"",
				);
				GCC_DYNAMIC_NO_PIC = NO;
				GCC_OPTIMIZATION_LEVEL = 0;
				GCC_PRECOMPILE_PREFIX_HEADER = YES;
				GCC_PREFIX_HEADER = "HelloWorld/HelloWorld-Prefix.pch";
				GCC_THUMB_SUPPORT = NO;
				GCC_VERSION = "";
				INFOPLIST_FILE = "HelloWorld/HelloWorld-Info.plist";
				LD_RUNPATH_SEARCH_PATHS = "@executable_path/Frameworks";
				LIBRARY_SEARCH_PATHS = (
					"$(inherited)",
					"\"$(SRCROOT)/HelloWorld/Plugins/com.manh.epsonPrinter\"",
				);
				PRODUCT_BUNDLE_IDENTIFIER = com.manh.appiumpa;
				PRODUCT_NAME = HelloWorld;
				PROVISIONING_PROFILE = "69b83891-215d-48b7-b6a4-452086da48b0";
				PROVISIONING_PROFILE_SPECIFIER = AppiumDevCertificates;
			};
			name = Debug;
		};
		1D6058950D05DD3E006BFB54 /* Release */ = {
			isa = XCBuildConfiguration;
			baseConfigurationReference = 3047A5101AB8059700498E2A /* build-release.xcconfig */;
			buildSettings = {
				ALWAYS_SEARCH_USER_PATHS = NO;
				ASSETCATALOG_COMPILER_APPICON_NAME = AppIcon;
				ASSETCATALOG_COMPILER_LAUNCHIMAGE_NAME = LaunchImage;
				CLANG_ENABLE_MODULES = YES;
				CLANG_ENABLE_OBJC_ARC = YES;
				CODE_SIGN_IDENTITY = "iPhone Developer";
				"CODE_SIGN_IDENTITY[sdk=iphoneos*]" = "iPhone Developer";
				COPY_PHASE_STRIP = YES;
				DEVELOPMENT_TEAM = SU7QMY8UX7;
				FRAMEWORK_SEARCH_PATHS = (
					"$(inherited)",
					"\"HelloWorld/Plugins/com.manh.verifoneBarcode\"",
					"\"HelloWorld/Plugins/com.manh.verifoneCardReader\"",
					"\"HelloWorld/Plugins/com.manh.verifoneBarcode\"",
					"\"HelloWorld/Plugins/com.manh.verifoneCardReader\"",
				);
				GCC_PRECOMPILE_PREFIX_HEADER = YES;
				GCC_PREFIX_HEADER = "HelloWorld/HelloWorld-Prefix.pch";
				GCC_THUMB_SUPPORT = NO;
				GCC_VERSION = "";
				INFOPLIST_FILE = "HelloWorld/HelloWorld-Info.plist";
				LIBRARY_SEARCH_PATHS = (
					"$(inherited)",
					"\"$(SRCROOT)/HelloWorld/Plugins/com.manh.epsonPrinter\"",
				);
				PRODUCT_BUNDLE_IDENTIFIER = com.manh.appiumpa;
				PRODUCT_NAME = HelloWorld;
				PROVISIONING_PROFILE = "69b83891-215d-48b7-b6a4-452086da48b0";
				PROVISIONING_PROFILE_SPECIFIER = AppiumDevCertificates;
			};
			name = Release;
		};
		C01FCF4F08A954540054247B /* Debug */ = {
			isa = XCBuildConfiguration;
			baseConfigurationReference = 3047A5111AB8059700498E2A /* build.xcconfig */;
			buildSettings = {
				CLANG_ENABLE_MODULES = YES;
				CLANG_ENABLE_OBJC_ARC = YES;
				CLANG_WARN_BOOL_CONVERSION = YES;
				CLANG_WARN_CONSTANT_CONVERSION = YES;
				CLANG_WARN_EMPTY_BODY = YES;
				CLANG_WARN_ENUM_CONVERSION = YES;
				CLANG_WARN_INT_CONVERSION = YES;
				CLANG_WARN__DUPLICATE_METHOD_MATCH = YES;
				GCC_C_LANGUAGE_STANDARD = c99;
				GCC_THUMB_SUPPORT = NO;
				GCC_VERSION = "";
				GCC_WARN_ABOUT_RETURN_TYPE = YES;
				GCC_WARN_UNDECLARED_SELECTOR = YES;
				GCC_WARN_UNINITIALIZED_AUTOS = YES;
				GCC_WARN_UNUSED_FUNCTION = YES;
				GCC_WARN_UNUSED_VARIABLE = YES;
				ONLY_ACTIVE_ARCH = YES;
				SDKROOT = iphoneos;
				SKIP_INSTALL = NO;
			};
			name = Debug;
		};
		C01FCF5008A954540054247B /* Release */ = {
			isa = XCBuildConfiguration;
			baseConfigurationReference = 3047A5111AB8059700498E2A /* build.xcconfig */;
			buildSettings = {
				CLANG_ENABLE_MODULES = YES;
				CLANG_ENABLE_OBJC_ARC = YES;
				CLANG_WARN_BOOL_CONVERSION = YES;
				CLANG_WARN_CONSTANT_CONVERSION = YES;
				CLANG_WARN_EMPTY_BODY = YES;
				CLANG_WARN_ENUM_CONVERSION = YES;
				CLANG_WARN_INT_CONVERSION = YES;
				CLANG_WARN__DUPLICATE_METHOD_MATCH = YES;
				GCC_C_LANGUAGE_STANDARD = c99;
				GCC_THUMB_SUPPORT = NO;
				GCC_VERSION = "";
				GCC_WARN_ABOUT_RETURN_TYPE = YES;
				GCC_WARN_UNDECLARED_SELECTOR = YES;
				GCC_WARN_UNINITIALIZED_AUTOS = YES;
				GCC_WARN_UNUSED_FUNCTION = YES;
				GCC_WARN_UNUSED_VARIABLE = YES;
				SDKROOT = iphoneos;
				SKIP_INSTALL = NO;
			};
			name = Release;
		};
/* End XCBuildConfiguration section */

/* Begin XCConfigurationList section */
		1D6058960D05DD3E006BFB54 /* Build configuration list for PBXNativeTarget "HelloWorld" */ = {
			isa = XCConfigurationList;
			buildConfigurations = (
				1D6058940D05DD3E006BFB54 /* Debug */,
				1D6058950D05DD3E006BFB54 /* Release */,
			);
			defaultConfigurationIsVisible = 0;
			defaultConfigurationName = Release;
		};
		C01FCF4E08A954540054247B /* Build configuration list for PBXProject "HelloWorld" */ = {
			isa = XCConfigurationList;
			buildConfigurations = (
				C01FCF4F08A954540054247B /* Debug */,
				C01FCF5008A954540054247B /* Release */,
			);
			defaultConfigurationIsVisible = 0;
			defaultConfigurationName = Release;
		};
/* End XCConfigurationList section */
	};
	rootObject = 29B97313FDCFA39411CA2CEA /* Project object */;
}
